// !$*UTF8*$!
{
	archiveVersion = 1;
	classes = {
	};
	objectVersion = 46;
	objects = {

/* Begin PBXBuildFile section */
		1B4B6EEE1E0CF9F5007E9D17 /* CoreSpotlight.framework in Frameworks */ = {isa = PBXBuildFile; fileRef = 1B4B6EED1E0CF9F5007E9D17 /* CoreSpotlight.framework */; };
		1B4B6F131E0CFD73007E9D17 /* CoreData.framework in Frameworks */ = {isa = PBXBuildFile; fileRef = 1B4B6F121E0CFD73007E9D17 /* CoreData.framework */; };
		1B4B6F161E0CFFF1007E9D17 /* FavouritesEntity+CoreDataProperties.swift in Sources */ = {isa = PBXBuildFile; fileRef = 1B4B6F141E0CFFF1007E9D17 /* FavouritesEntity+CoreDataProperties.swift */; };
		1B4B6F171E0CFFF1007E9D17 /* FavouritesEntity.swift in Sources */ = {isa = PBXBuildFile; fileRef = 1B4B6F151E0CFFF1007E9D17 /* FavouritesEntity.swift */; };
		1B4B6F191E0D248A007E9D17 /* MobileCoreServices.framework in Frameworks */ = {isa = PBXBuildFile; fileRef = 1B4B6F181E0D248A007E9D17 /* MobileCoreServices.framework */; };
		1B512CF21E0A7F3F004C7A52 /* AppDelegate.swift in Sources */ = {isa = PBXBuildFile; fileRef = 1B512CF11E0A7F3F004C7A52 /* AppDelegate.swift */; };
		1B512CF41E0A7F3F004C7A52 /* ViewController.swift in Sources */ = {isa = PBXBuildFile; fileRef = 1B512CF31E0A7F3F004C7A52 /* ViewController.swift */; };
		1B512CF71E0A7F3F004C7A52 /* Main.storyboard in Resources */ = {isa = PBXBuildFile; fileRef = 1B512CF51E0A7F3F004C7A52 /* Main.storyboard */; };
		1B512CFA1E0A7F3F004C7A52 /* PlayStore.xcdatamodeld in Sources */ = {isa = PBXBuildFile; fileRef = 1B512CF81E0A7F3F004C7A52 /* PlayStore.xcdatamodeld */; };
		1B512CFC1E0A7F3F004C7A52 /* Assets.xcassets in Resources */ = {isa = PBXBuildFile; fileRef = 1B512CFB1E0A7F3F004C7A52 /* Assets.xcassets */; };
		1B512CFF1E0A7F3F004C7A52 /* LaunchScreen.storyboard in Resources */ = {isa = PBXBuildFile; fileRef = 1B512CFD1E0A7F3F004C7A52 /* LaunchScreen.storyboard */; };
		1B512D091E0A8076004C7A52 /* NanumGothic.ttf in Resources */ = {isa = PBXBuildFile; fileRef = 1B512D061E0A8076004C7A52 /* NanumGothic.ttf */; };
		1B512D0A1E0A8076004C7A52 /* NanumGothicBold.ttf in Resources */ = {isa = PBXBuildFile; fileRef = 1B512D071E0A8076004C7A52 /* NanumGothicBold.ttf */; };
		1B512D0B1E0A8076004C7A52 /* NanumGothicExtraBold.ttf in Resources */ = {isa = PBXBuildFile; fileRef = 1B512D081E0A8076004C7A52 /* NanumGothicExtraBold.ttf */; };
		1B512D101E0A80C7004C7A52 /* AvenirNextLTPro-Bold.otf in Resources */ = {isa = PBXBuildFile; fileRef = 1B512D0D1E0A80C7004C7A52 /* AvenirNextLTPro-Bold.otf */; };
		1B512D111E0A80C7004C7A52 /* AvenirNextLTPro-Demi.otf in Resources */ = {isa = PBXBuildFile; fileRef = 1B512D0E1E0A80C7004C7A52 /* AvenirNextLTPro-Demi.otf */; };
		1B512D121E0A80C7004C7A52 /* AvenirNextLTPro-DemiCn.otf in Resources */ = {isa = PBXBuildFile; fileRef = 1B512D0F1E0A80C7004C7A52 /* AvenirNextLTPro-DemiCn.otf */; };
		1B512D141E0A8ACC004C7A52 /* CollectionViewCell.swift in Sources */ = {isa = PBXBuildFile; fileRef = 1B512D131E0A8ACC004C7A52 /* CollectionViewCell.swift */; };
		1BB6EDFC1E0B9E6A00E1A90C /* CoreLocation.framework in Frameworks */ = {isa = PBXBuildFile; fileRef = 1BB6EDFB1E0B9E6A00E1A90C /* CoreLocation.framework */; };
		1BB6EE001E0BAA8300E1A90C /* SharedInstance.swift in Sources */ = {isa = PBXBuildFile; fileRef = 1BB6EDFF1E0BAA8300E1A90C /* SharedInstance.swift */; };
		1BB6EE021E0BAEE600E1A90C /* VerticalsViewController.swift in Sources */ = {isa = PBXBuildFile; fileRef = 1BB6EE011E0BAEE500E1A90C /* VerticalsViewController.swift */; };
		1BB6EE041E0BB11600E1A90C /* MapKit.framework in Frameworks */ = {isa = PBXBuildFile; fileRef = 1BB6EE031E0BB11600E1A90C /* MapKit.framework */; };
/* End PBXBuildFile section */

/* Begin PBXFileReference section */
		1B4B6EED1E0CF9F5007E9D17 /* CoreSpotlight.framework */ = {isa = PBXFileReference; lastKnownFileType = wrapper.framework; name = CoreSpotlight.framework; path = System/Library/Frameworks/CoreSpotlight.framework; sourceTree = SDKROOT; };
		1B4B6F121E0CFD73007E9D17 /* CoreData.framework */ = {isa = PBXFileReference; lastKnownFileType = wrapper.framework; name = CoreData.framework; path = System/Library/Frameworks/CoreData.framework; sourceTree = SDKROOT; };
		1B4B6F141E0CFFF1007E9D17 /* FavouritesEntity+CoreDataProperties.swift */ = {isa = PBXFileReference; fileEncoding = 4; lastKnownFileType = sourcecode.swift; path = "FavouritesEntity+CoreDataProperties.swift"; sourceTree = "<group>"; };
		1B4B6F151E0CFFF1007E9D17 /* FavouritesEntity.swift */ = {isa = PBXFileReference; fileEncoding = 4; lastKnownFileType = sourcecode.swift; path = FavouritesEntity.swift; sourceTree = "<group>"; };
		1B4B6F181E0D248A007E9D17 /* MobileCoreServices.framework */ = {isa = PBXFileReference; lastKnownFileType = wrapper.framework; name = MobileCoreServices.framework; path = System/Library/Frameworks/MobileCoreServices.framework; sourceTree = SDKROOT; };
		1B512CEE1E0A7F3F004C7A52 /* LocalSearch.app */ = {isa = PBXFileReference; explicitFileType = wrapper.application; includeInIndex = 0; path = LocalSearch.app; sourceTree = BUILT_PRODUCTS_DIR; };
		1B512CF11E0A7F3F004C7A52 /* AppDelegate.swift */ = {isa = PBXFileReference; lastKnownFileType = sourcecode.swift; path = AppDelegate.swift; sourceTree = "<group>"; };
		1B512CF31E0A7F3F004C7A52 /* ViewController.swift */ = {isa = PBXFileReference; lastKnownFileType = sourcecode.swift; path = ViewController.swift; sourceTree = "<group>"; };
		1B512CF61E0A7F3F004C7A52 /* Base */ = {isa = PBXFileReference; lastKnownFileType = file.storyboard; name = Base; path = Base.lproj/Main.storyboard; sourceTree = "<group>"; };
		1B512CF91E0A7F3F004C7A52 /* PlayStore.xcdatamodel */ = {isa = PBXFileReference; lastKnownFileType = wrapper.xcdatamodel; path = PlayStore.xcdatamodel; sourceTree = "<group>"; };
		1B512CFB1E0A7F3F004C7A52 /* Assets.xcassets */ = {isa = PBXFileReference; lastKnownFileType = folder.assetcatalog; path = Assets.xcassets; sourceTree = "<group>"; };
		1B512CFE1E0A7F3F004C7A52 /* Base */ = {isa = PBXFileReference; lastKnownFileType = file.storyboard; name = Base; path = Base.lproj/LaunchScreen.storyboard; sourceTree = "<group>"; };
		1B512D001E0A7F3F004C7A52 /* Info.plist */ = {isa = PBXFileReference; lastKnownFileType = text.plist.xml; path = Info.plist; sourceTree = "<group>"; };
		1B512D061E0A8076004C7A52 /* NanumGothic.ttf */ = {isa = PBXFileReference; lastKnownFileType = file; path = NanumGothic.ttf; sourceTree = "<group>"; };
		1B512D071E0A8076004C7A52 /* NanumGothicBold.ttf */ = {isa = PBXFileReference; lastKnownFileType = file; path = NanumGothicBold.ttf; sourceTree = "<group>"; };
		1B512D081E0A8076004C7A52 /* NanumGothicExtraBold.ttf */ = {isa = PBXFileReference; lastKnownFileType = file; path = NanumGothicExtraBold.ttf; sourceTree = "<group>"; };
		1B512D0D1E0A80C7004C7A52 /* AvenirNextLTPro-Bold.otf */ = {isa = PBXFileReference; lastKnownFileType = file; path = "AvenirNextLTPro-Bold.otf"; sourceTree = "<group>"; };
		1B512D0E1E0A80C7004C7A52 /* AvenirNextLTPro-Demi.otf */ = {isa = PBXFileReference; lastKnownFileType = file; path = "AvenirNextLTPro-Demi.otf"; sourceTree = "<group>"; };
		1B512D0F1E0A80C7004C7A52 /* AvenirNextLTPro-DemiCn.otf */ = {isa = PBXFileReference; lastKnownFileType = file; path = "AvenirNextLTPro-DemiCn.otf"; sourceTree = "<group>"; };
		1B512D131E0A8ACC004C7A52 /* CollectionViewCell.swift */ = {isa = PBXFileReference; fileEncoding = 4; lastKnownFileType = sourcecode.swift; path = CollectionViewCell.swift; sourceTree = "<group>"; };
		1BB6EDFB1E0B9E6A00E1A90C /* CoreLocation.framework */ = {isa = PBXFileReference; lastKnownFileType = wrapper.framework; name = CoreLocation.framework; path = System/Library/Frameworks/CoreLocation.framework; sourceTree = SDKROOT; };
		1BB6EDFF1E0BAA8300E1A90C /* SharedInstance.swift */ = {isa = PBXFileReference; fileEncoding = 4; lastKnownFileType = sourcecode.swift; path = SharedInstance.swift; sourceTree = "<group>"; };
		1BB6EE011E0BAEE500E1A90C /* VerticalsViewController.swift */ = {isa = PBXFileReference; fileEncoding = 4; lastKnownFileType = sourcecode.swift; path = VerticalsViewController.swift; sourceTree = "<group>"; };
		1BB6EE031E0BB11600E1A90C /* MapKit.framework */ = {isa = PBXFileReference; lastKnownFileType = wrapper.framework; name = MapKit.framework; path = System/Library/Frameworks/MapKit.framework; sourceTree = SDKROOT; };
/* End PBXFileReference section */

/* Begin PBXFrameworksBuildPhase section */
		1B512CEB1E0A7F3F004C7A52 /* Frameworks */ = {
			isa = PBXFrameworksBuildPhase;
			buildActionMask = 2147483647;
			files = (
				1B4B6F191E0D248A007E9D17 /* MobileCoreServices.framework in Frameworks */,
				1B4B6F131E0CFD73007E9D17 /* CoreData.framework in Frameworks */,
				1B4B6EEE1E0CF9F5007E9D17 /* CoreSpotlight.framework in Frameworks */,
				1BB6EE041E0BB11600E1A90C /* MapKit.framework in Frameworks */,
				1BB6EDFC1E0B9E6A00E1A90C /* CoreLocation.framework in Frameworks */,
			);
			runOnlyForDeploymentPostprocessing = 0;
		};
/* End PBXFrameworksBuildPhase section */

/* Begin PBXGroup section */
		1B4B6F1A1E0D4B8E007E9D17 /* Model */ = {
			isa = PBXGroup;
			children = (
				1BB6EDFF1E0BAA8300E1A90C /* SharedInstance.swift */,
				1B4B6F141E0CFFF1007E9D17 /* FavouritesEntity+CoreDataProperties.swift */,
				1B4B6F151E0CFFF1007E9D17 /* FavouritesEntity.swift */,
				1B512CF81E0A7F3F004C7A52 /* PlayStore.xcdatamodeld */,
			);
			name = Model;
			sourceTree = "<group>";
		};
		1B4B6F1B1E0D4B96007E9D17 /* View */ = {
			isa = PBXGroup;
			children = (
				1B512D131E0A8ACC004C7A52 /* CollectionViewCell.swift */,
			);
			name = View;
			sourceTree = "<group>";
		};
		1B4B6F1C1E0D4B9B007E9D17 /* Controller */ = {
			isa = PBXGroup;
			children = (
				1B512CF31E0A7F3F004C7A52 /* ViewController.swift */,
				1BB6EE011E0BAEE500E1A90C /* VerticalsViewController.swift */,
			);
			name = Controller;
			sourceTree = "<group>";
		};
		1B4B6F1D1E0D4BCF007E9D17 /* Framework */ = {
			isa = PBXGroup;
			children = (
				1BB6EDFB1E0B9E6A00E1A90C /* CoreLocation.framework */,
				1BB6EE031E0BB11600E1A90C /* MapKit.framework */,
				1B4B6EED1E0CF9F5007E9D17 /* CoreSpotlight.framework */,
				1B4B6F121E0CFD73007E9D17 /* CoreData.framework */,
				1B4B6F181E0D248A007E9D17 /* MobileCoreServices.framework */,
			);
			name = Framework;
			sourceTree = "<group>";
		};
		1B4B6F1E1E0D4BFB007E9D17 /* StoryBoard */ = {
			isa = PBXGroup;
			children = (
				1B512CFD1E0A7F3F004C7A52 /* LaunchScreen.storyboard */,
				1B512CF51E0A7F3F004C7A52 /* Main.storyboard */,
			);
			name = StoryBoard;
			sourceTree = "<group>";
		};
		1B512CE51E0A7F3F004C7A52 = {
			isa = PBXGroup;
			children = (
				1B512CF01E0A7F3F004C7A52 /* LocalSearch */,
				1B512CEF1E0A7F3F004C7A52 /* Products */,
			);
			sourceTree = "<group>";
		};
		1B512CEF1E0A7F3F004C7A52 /* Products */ = {
			isa = PBXGroup;
			children = (
				1B512CEE1E0A7F3F004C7A52 /* LocalSearch.app */,
			);
			name = Products;
			sourceTree = "<group>";
		};
		1B512CF01E0A7F3F004C7A52 /* LocalSearch */ = {
			isa = PBXGroup;
			children = (
				1B4B6F1C1E0D4B9B007E9D17 /* Controller */,
				1B4B6F1B1E0D4B96007E9D17 /* View */,
				1B4B6F1A1E0D4B8E007E9D17 /* Model */,
				1B512CF11E0A7F3F004C7A52 /* AppDelegate.swift */,
				1B512D001E0A7F3F004C7A52 /* Info.plist */,
				1B4B6F1E1E0D4BFB007E9D17 /* StoryBoard */,
				1B4B6F1D1E0D4BCF007E9D17 /* Framework */,
				1B512D0C1E0A8082004C7A52 /* Fonts */,
			);
			name = LocalSearch;
			path = PlayStore;
			sourceTree = "<group>";
		};
		1B512D0C1E0A8082004C7A52 /* Fonts */ = {
			isa = PBXGroup;
			children = (
				1B512CFB1E0A7F3F004C7A52 /* Assets.xcassets */,
				1B512D0D1E0A80C7004C7A52 /* AvenirNextLTPro-Bold.otf */,
				1B512D0E1E0A80C7004C7A52 /* AvenirNextLTPro-Demi.otf */,
				1B512D0F1E0A80C7004C7A52 /* AvenirNextLTPro-DemiCn.otf */,
				1B512D061E0A8076004C7A52 /* NanumGothic.ttf */,
				1B512D071E0A8076004C7A52 /* NanumGothicBold.ttf */,
				1B512D081E0A8076004C7A52 /* NanumGothicExtraBold.ttf */,
			);
			name = Fonts;
			sourceTree = "<group>";
		};
/* End PBXGroup section */

/* Begin PBXNativeTarget section */
		1B512CED1E0A7F3F004C7A52 /* LocalSearch */ = {
			isa = PBXNativeTarget;
			buildConfigurationList = 1B512D031E0A7F3F004C7A52 /* Build configuration list for PBXNativeTarget "LocalSearch" */;
			buildPhases = (
				1B512CEA1E0A7F3F004C7A52 /* Sources */,
				1B512CEB1E0A7F3F004C7A52 /* Frameworks */,
				1B512CEC1E0A7F3F004C7A52 /* Resources */,
			);
			buildRules = (
			);
			dependencies = (
			);
			name = LocalSearch;
			productName = PlayStore;
			productReference = 1B512CEE1E0A7F3F004C7A52 /* LocalSearch.app */;
			productType = "com.apple.product-type.application";
		};
/* End PBXNativeTarget section */

/* Begin PBXProject section */
		1B512CE61E0A7F3F004C7A52 /* Project object */ = {
			isa = PBXProject;
			attributes = {
				LastSwiftUpdateCheck = 0730;
				LastUpgradeCheck = 0730;
				ORGANIZATIONNAME = TridentSolutions;
				TargetAttributes = {
					1B512CED1E0A7F3F004C7A52 = {
						CreatedOnToolsVersion = 7.3.1;
					};
				};
			};
			buildConfigurationList = 1B512CE91E0A7F3F004C7A52 /* Build configuration list for PBXProject "LocalSearch" */;
			compatibilityVersion = "Xcode 3.2";
			developmentRegion = English;
			hasScannedForEncodings = 0;
			knownRegions = (
				en,
				Base,
			);
			mainGroup = 1B512CE51E0A7F3F004C7A52;
			productRefGroup = 1B512CEF1E0A7F3F004C7A52 /* Products */;
			projectDirPath = "";
			projectRoot = "";
			targets = (
				1B512CED1E0A7F3F004C7A52 /* LocalSearch */,
			);
		};
/* End PBXProject section */

/* Begin PBXResourcesBuildPhase section */
		1B512CEC1E0A7F3F004C7A52 /* Resources */ = {
			isa = PBXResourcesBuildPhase;
			buildActionMask = 2147483647;
			files = (
				1B512D111E0A80C7004C7A52 /* AvenirNextLTPro-Demi.otf in Resources */,
				1B512D0B1E0A8076004C7A52 /* NanumGothicExtraBold.ttf in Resources */,
				1B512D101E0A80C7004C7A52 /* AvenirNextLTPro-Bold.otf in Resources */,
				1B512D091E0A8076004C7A52 /* NanumGothic.ttf in Resources */,
				1B512CFF1E0A7F3F004C7A52 /* LaunchScreen.storyboard in Resources */,
				1B512D121E0A80C7004C7A52 /* AvenirNextLTPro-DemiCn.otf in Resources */,
				1B512CFC1E0A7F3F004C7A52 /* Assets.xcassets in Resources */,
				1B512D0A1E0A8076004C7A52 /* NanumGothicBold.ttf in Resources */,
				1B512CF71E0A7F3F004C7A52 /* Main.storyboard in Resources */,
			);
			runOnlyForDeploymentPostprocessing = 0;
		};
/* End PBXResourcesBuildPhase section */

/* Begin PBXSourcesBuildPhase section */
		1B512CEA1E0A7F3F004C7A52 /* Sources */ = {
			isa = PBXSourcesBuildPhase;
			buildActionMask = 2147483647;
			files = (
				1B512CF41E0A7F3F004C7A52 /* ViewController.swift in Sources */,
				1B512CF21E0A7F3F004C7A52 /* AppDelegate.swift in Sources */,
				1BB6EE021E0BAEE600E1A90C /* VerticalsViewController.swift in Sources */,
				1B512D141E0A8ACC004C7A52 /* CollectionViewCell.swift in Sources */,
				1B512CFA1E0A7F3F004C7A52 /* PlayStore.xcdatamodeld in Sources */,
				1B4B6F161E0CFFF1007E9D17 /* FavouritesEntity+CoreDataProperties.swift in Sources */,
				1B4B6F171E0CFFF1007E9D17 /* FavouritesEntity.swift in Sources */,
				1BB6EE001E0BAA8300E1A90C /* SharedInstance.swift in Sources */,
			);
			runOnlyForDeploymentPostprocessing = 0;
		};
/* End PBXSourcesBuildPhase section */

/* Begin PBXVariantGroup section */
		1B512CF51E0A7F3F004C7A52 /* Main.storyboard */ = {
			isa = PBXVariantGroup;
			children = (
				1B512CF61E0A7F3F004C7A52 /* Base */,
			);
			name = Main.storyboard;
			sourceTree = "<group>";
		};
		1B512CFD1E0A7F3F004C7A52 /* LaunchScreen.storyboard */ = {
			isa = PBXVariantGroup;
			children = (
				1B512CFE1E0A7F3F004C7A52 /* Base */,
			);
			name = LaunchScreen.storyboard;
			sourceTree = "<group>";
		};
/* End PBXVariantGroup section */

/* Begin XCBuildConfiguration section */
		1B512D011E0A7F3F004C7A52 /* Debug */ = {
			isa = XCBuildConfiguration;
			buildSettings = {
				ALWAYS_SEARCH_USER_PATHS = NO;
				CLANG_ANALYZER_NONNULL = YES;
				CLANG_CXX_LANGUAGE_STANDARD = "gnu++0x";
				CLANG_CXX_LIBRARY = "libc++";
				CLANG_ENABLE_MODULES = YES;
				CLANG_ENABLE_OBJC_ARC = YES;
				CLANG_WARN_BOOL_CONVERSION = YES;
				CLANG_WARN_CONSTANT_CONVERSION = YES;
				CLANG_WARN_DIRECT_OBJC_ISA_USAGE = YES_ERROR;
				CLANG_WARN_EMPTY_BODY = YES;
				CLANG_WARN_ENUM_CONVERSION = YES;
				CLANG_WARN_INT_CONVERSION = YES;
				CLANG_WARN_OBJC_ROOT_CLASS = YES_ERROR;
				CLANG_WARN_UNREACHABLE_CODE = YES;
				CLANG_WARN__DUPLICATE_METHOD_MATCH = YES;
				"CODE_SIGN_IDENTITY[sdk=iphoneos*]" = "iPhone Developer";
				COPY_PHASE_STRIP = NO;
				DEBUG_INFORMATION_FORMAT = dwarf;
				ENABLE_STRICT_OBJC_MSGSEND = YES;
				ENABLE_TESTABILITY = YES;
				GCC_C_LANGUAGE_STANDARD = gnu99;
				GCC_DYNAMIC_NO_PIC = NO;
				GCC_NO_COMMON_BLOCKS = YES;
				GCC_OPTIMIZATION_LEVEL = 0;
				GCC_PREPROCESSOR_DEFINITIONS = (
					"DEBUG=1",
					"$(inherited)",
				);
				GCC_WARN_64_TO_32_BIT_CONVERSION = YES;
				GCC_WARN_ABOUT_RETURN_TYPE = YES_ERROR;
				GCC_WARN_UNDECLARED_SELECTOR = YES;
				GCC_WARN_UNINITIALIZED_AUTOS = YES_AGGRESSIVE;
				GCC_WARN_UNUSED_FUNCTION = YES;
				GCC_WARN_UNUSED_VARIABLE = YES;
				IPHONEOS_DEPLOYMENT_TARGET = 9.3;
				MTL_ENABLE_DEBUG_INFO = YES;
				ONLY_ACTIVE_ARCH = YES;
				SDKROOT = iphoneos;
				SWIFT_OPTIMIZATION_LEVEL = "-Onone";
				TARGETED_DEVICE_FAMILY = "1,2";
			};
			name = Debug;
		};
		1B512D021E0A7F3F004C7A52 /* Release */ = {
			isa = XCBuildConfiguration;
			buildSettings = {
				ALWAYS_SEARCH_USER_PATHS = NO;
				CLANG_ANALYZER_NONNULL = YES;
				CLANG_CXX_LANGUAGE_STANDARD = "gnu++0x";
				CLANG_CXX_LIBRARY = "libc++";
				CLANG_ENABLE_MODULES = YES;
				CLANG_ENABLE_OBJC_ARC = YES;
				CLANG_WARN_BOOL_CONVERSION = YES;
				CLANG_WARN_CONSTANT_CONVERSION = YES;
				CLANG_WARN_DIRECT_OBJC_ISA_USAGE = YES_ERROR;
				CLANG_WARN_EMPTY_BODY = YES;
				CLANG_WARN_ENUM_CONVERSION = YES;
				CLANG_WARN_INT_CONVERSION = YES;
				CLANG_WARN_OBJC_ROOT_CLASS = YES_ERROR;
				CLANG_WARN_UNREACHABLE_CODE = YES;
				CLANG_WARN__DUPLICATE_METHOD_MATCH = YES;
				"CODE_SIGN_IDENTITY[sdk=iphoneos*]" = "iPhone Developer";
				COPY_PHASE_STRIP = NO;
				DEBUG_INFORMATION_FORMAT = "dwarf-with-dsym";
				ENABLE_NS_ASSERTIONS = NO;
				ENABLE_STRICT_OBJC_MSGSEND = YES;
				GCC_C_LANGUAGE_STANDARD = gnu99;
				GCC_NO_COMMON_BLOCKS = YES;
				GCC_WARN_64_TO_32_BIT_CONVERSION = YES;
				GCC_WARN_ABOUT_RETURN_TYPE = YES_ERROR;
				GCC_WARN_UNDECLARED_SELECTOR = YES;
				GCC_WARN_UNINITIALIZED_AUTOS = YES_AGGRESSIVE;
				GCC_WARN_UNUSED_FUNCTION = YES;
				GCC_WARN_UNUSED_VARIABLE = YES;
				IPHONEOS_DEPLOYMENT_TARGET = 9.3;
				MTL_ENABLE_DEBUG_INFO = NO;
				SDKROOT = iphoneos;
				TARGETED_DEVICE_FAMILY = "1,2";
				VALIDATE_PRODUCT = YES;
			};
			name = Release;
		};
		1B512D041E0A7F3F004C7A52 /* Debug */ = {
			isa = XCBuildConfiguration;
			buildSettings = {
				ASSETCATALOG_COMPILER_APPICON_NAME = AppIcon;
				ASSETCATALOG_COMPILER_LAUNCHIMAGE_NAME = LaunchImage;
				INFOPLIST_FILE = PlayStore/Info.plist;
				IPHONEOS_DEPLOYMENT_TARGET = 9.0;
				LD_RUNPATH_SEARCH_PATHS = "$(inherited) @executable_path/Frameworks";
				PRODUCT_BUNDLE_IDENTIFIER = com.trident.demoApp.PlayStore;
				PRODUCT_NAME = LocalSearch;
				TARGETED_DEVICE_FAMILY = 1;
			};
			name = Debug;
		};
		1B512D051E0A7F3F004C7A52 /* Release */ = {
			isa = XCBuildConfiguration;
			buildSettings = {
				ASSETCATALOG_COMPILER_APPICON_NAME = AppIcon;
				ASSETCATALOG_COMPILER_LAUNCHIMAGE_NAME = LaunchImage;
				INFOPLIST_FILE = PlayStore/Info.plist;
				IPHONEOS_DEPLOYMENT_TARGET = 9.0;
				LD_RUNPATH_SEARCH_PATHS = "$(inherited) @executable_path/Frameworks";
				PRODUCT_BUNDLE_IDENTIFIER = com.trident.demoApp.PlayStore;
				PRODUCT_NAME = LocalSearch;
				TARGETED_DEVICE_FAMILY = 1;
			};
			name = Release;
		};
/* End XCBuildConfiguration section */

/* Begin XCConfigurationList section */
		1B512CE91E0A7F3F004C7A52 /* Build configuration list for PBXProject "LocalSearch" */ = {
			isa = XCConfigurationList;
			buildConfigurations = (
				1B512D011E0A7F3F004C7A52 /* Debug */,
				1B512D021E0A7F3F004C7A52 /* Release */,
			);
			defaultConfigurationIsVisible = 0;
			defaultConfigurationName = Release;
		};
		1B512D031E0A7F3F004C7A52 /* Build configuration list for PBXNativeTarget "LocalSearch" */ = {
			isa = XCConfigurationList;
			buildConfigurations = (
				1B512D041E0A7F3F004C7A52 /* Debug */,
				1B512D051E0A7F3F004C7A52 /* Release */,
			);
			defaultConfigurationIsVisible = 0;
			defaultConfigurationName = Release;
		};
/* End XCConfigurationList section */

/* Begin XCVersionGroup section */
		1B512CF81E0A7F3F004C7A52 /* PlayStore.xcdatamodeld */ = {
			isa = XCVersionGroup;
			children = (
				1B512CF91E0A7F3F004C7A52 /* PlayStore.xcdatamodel */,
			);
			currentVersion = 1B512CF91E0A7F3F004C7A52 /* PlayStore.xcdatamodel */;
			path = PlayStore.xcdatamodeld;
			sourceTree = "<group>";
			versionGroupType = wrapper.xcdatamodel;
		};
/* End XCVersionGroup section */
	};
	rootObject = 1B512CE61E0A7F3F004C7A52 /* Project object */;
}
